
Microsoft Visual Studio Solution File, Format Version 11.00
# Visual C# Express 2010
Project("{FAE04EC0-301F-11D3-BF4B-00C04F79EFBC}") = "GigaGuy", "GigaGuy\GigaGuy.csproj", "{137DDEEF-A671-4BB6-8A96-34635CAA1A27}"
EndProject
Project("{FAE04EC0-301F-11D3-BF4B-00C04F79EFBC}") = "GigaGuyContent", "GigaGuyContent\GigaGuyContent\GigaGuyContent.csproj", "{CA0E88CA-6401-45D0-88E4-77C01497FEB3}"
EndProject
Project("{96E2B04D-8817-42C6-938A-82C39BA4D311}") = "GigaGuyContentContent", "GigaGuyContent\GigaGuyContentContent\GigaGuyContentContent.contentproj", "{CAAE4222-3BB5-4A92-9AB4-686ECD05F10F}"
EndProject
Global
	GlobalSection(SolutionConfigurationPlatforms) = preSolution
		Android|Any CPU = Android|Any CPU
		Android|Mixed Platforms = Android|Mixed Platforms
		Android|x86 = Android|x86
		Debug|Any CPU = Debug|Any CPU
		Debug|Mixed Platforms = Debug|Mixed Platforms
		Debug|x86 = Debug|x86
		iOS|Any CPU = iOS|Any CPU
		iOS|Mixed Platforms = iOS|Mixed Platforms
		iOS|x86 = iOS|x86
		Linux|Any CPU = Linux|Any CPU
		Linux|Mixed Platforms = Linux|Mixed Platforms
		Linux|x86 = Linux|x86
		OSX|Any CPU = OSX|Any CPU
		OSX|Mixed Platforms = OSX|Mixed Platforms
		OSX|x86 = OSX|x86
		PSM|Any CPU = PSM|Any CPU
		PSM|Mixed Platforms = PSM|Mixed Platforms
		PSM|x86 = PSM|x86
		Release|Any CPU = Release|Any CPU
		Release|Mixed Platforms = Release|Mixed Platforms
		Release|x86 = Release|x86
		Windows|Any CPU = Windows|Any CPU
		Windows|Mixed Platforms = Windows|Mixed Platforms
		Windows|x86 = Windows|x86
		Windows8|Any CPU = Windows8|Any CPU
		Windows8|Mixed Platforms = Windows8|Mixed Platforms
		Windows8|x86 = Windows8|x86
	EndGlobalSection
	GlobalSection(ProjectConfigurationPlatforms) = postSolution
		{137DDEEF-A671-4BB6-8A96-34635CAA1A27}.Android|Any CPU.ActiveCfg = Release|x86
		{137DDEEF-A671-4BB6-8A96-34635CAA1A27}.Android|Mixed Platforms.ActiveCfg = Release|x86
		{137DDEEF-A671-4BB6-8A96-34635CAA1A27}.Android|Mixed Platforms.Build.0 = Release|x86
		{137DDEEF-A671-4BB6-8A96-34635CAA1A27}.Android|x86.ActiveCfg = Release|x86
		{137DDEEF-A671-4BB6-8A96-34635CAA1A27}.Android|x86.Build.0 = Release|x86
		{137DDEEF-A671-4BB6-8A96-34635CAA1A27}.Debug|Any CPU.ActiveCfg = Debug|x86
		{137DDEEF-A671-4BB6-8A96-34635CAA1A27}.Debug|Mixed Platforms.ActiveCfg = Debug|x86
		{137DDEEF-A671-4BB6-8A96-34635CAA1A27}.Debug|Mixed Platforms.Build.0 = Debug|x86
		{137DDEEF-A671-4BB6-8A96-34635CAA1A27}.Debug|x86.ActiveCfg = Debug|x86
		{137DDEEF-A671-4BB6-8A96-34635CAA1A27}.Debug|x86.Build.0 = Debug|x86
		{137DDEEF-A671-4BB6-8A96-34635CAA1A27}.iOS|Any CPU.ActiveCfg = Release|x86
		{137DDEEF-A671-4BB6-8A96-34635CAA1A27}.iOS|Mixed Platforms.ActiveCfg = Release|x86
		{137DDEEF-A671-4BB6-8A96-34635CAA1A27}.iOS|Mixed Platforms.Build.0 = Release|x86
		{137DDEEF-A671-4BB6-8A96-34635CAA1A27}.iOS|x86.ActiveCfg = Release|x86
		{137DDEEF-A671-4BB6-8A96-34635CAA1A27}.iOS|x86.Build.0 = Release|x86
		{137DDEEF-A671-4BB6-8A96-34635CAA1A27}.Linux|Any CPU.ActiveCfg = Release|x86
		{137DDEEF-A671-4BB6-8A96-34635CAA1A27}.Linux|Mixed Platforms.ActiveCfg = Release|x86
		{137DDEEF-A671-4BB6-8A96-34635CAA1A27}.Linux|Mixed Platforms.Build.0 = Release|x86
		{137DDEEF-A671-4BB6-8A96-34635CAA1A27}.Linux|x86.ActiveCfg = Release|x86
		{137DDEEF-A671-4BB6-8A96-34635CAA1A27}.Linux|x86.Build.0 = Release|x86
		{137DDEEF-A671-4BB6-8A96-34635CAA1A27}.OSX|Any CPU.ActiveCfg = Release|x86
		{137DDEEF-A671-4BB6-8A96-34635CAA1A27}.OSX|Mixed Platforms.ActiveCfg = Release|x86
		{137DDEEF-A671-4BB6-8A96-34635CAA1A27}.OSX|Mixed Platforms.Build.0 = Release|x86
		{137DDEEF-A671-4BB6-8A96-34635CAA1A27}.OSX|x86.ActiveCfg = Release|x86
		{137DDEEF-A671-4BB6-8A96-34635CAA1A27}.OSX|x86.Build.0 = Release|x86
		{137DDEEF-A671-4BB6-8A96-34635CAA1A27}.PSM|Any CPU.ActiveCfg = Release|x86
		{137DDEEF-A671-4BB6-8A96-34635CAA1A27}.PSM|Mixed Platforms.ActiveCfg = Release|x86
		{137DDEEF-A671-4BB6-8A96-34635CAA1A27}.PSM|Mixed Platforms.Build.0 = Release|x86
		{137DDEEF-A671-4BB6-8A96-34635CAA1A27}.PSM|x86.ActiveCfg = Release|x86
		{137DDEEF-A671-4BB6-8A96-34635CAA1A27}.PSM|x86.Build.0 = Release|x86
		{137DDEEF-A671-4BB6-8A96-34635CAA1A27}.Release|Any CPU.ActiveCfg = Release|x86
		{137DDEEF-A671-4BB6-8A96-34635CAA1A27}.Release|Mixed Platforms.ActiveCfg = Release|x86
		{137DDEEF-A671-4BB6-8A96-34635CAA1A27}.Release|Mixed Platforms.Build.0 = Release|x86
		{137DDEEF-A671-4BB6-8A96-34635CAA1A27}.Release|x86.ActiveCfg = Release|x86
		{137DDEEF-A671-4BB6-8A96-34635CAA1A27}.Release|x86.Build.0 = Release|x86
		{137DDEEF-A671-4BB6-8A96-34635CAA1A27}.Windows|Any CPU.ActiveCfg = Release|x86
		{137DDEEF-A671-4BB6-8A96-34635CAA1A27}.Windows|Mixed Platforms.ActiveCfg = Release|x86
		{137DDEEF-A671-4BB6-8A96-34635CAA1A27}.Windows|Mixed Platforms.Build.0 = Release|x86
		{137DDEEF-A671-4BB6-8A96-34635CAA1A27}.Windows|x86.ActiveCfg = Release|x86
		{137DDEEF-A671-4BB6-8A96-34635CAA1A27}.Windows|x86.Build.0 = Release|x86
		{137DDEEF-A671-4BB6-8A96-34635CAA1A27}.Windows8|Any CPU.ActiveCfg = Release|x86
		{137DDEEF-A671-4BB6-8A96-34635CAA1A27}.Windows8|Mixed Platforms.ActiveCfg = Release|x86
		{137DDEEF-A671-4BB6-8A96-34635CAA1A27}.Windows8|Mixed Platforms.Build.0 = Release|x86
		{137DDEEF-A671-4BB6-8A96-34635CAA1A27}.Windows8|x86.ActiveCfg = Release|x86
		{137DDEEF-A671-4BB6-8A96-34635CAA1A27}.Windows8|x86.Build.0 = Release|x86
		{CA0E88CA-6401-45D0-88E4-77C01497FEB3}.Android|Any CPU.ActiveCfg = Android|Any CPU
		{CA0E88CA-6401-45D0-88E4-77C01497FEB3}.Android|Any CPU.Build.0 = Android|Any CPU
		{CA0E88CA-6401-45D0-88E4-77C01497FEB3}.Android|Mixed Platforms.ActiveCfg = Android|Any CPU
		{CA0E88CA-6401-45D0-88E4-77C01497FEB3}.Android|Mixed Platforms.Build.0 = Android|Any CPU
		{CA0E88CA-6401-45D0-88E4-77C01497FEB3}.Android|x86.ActiveCfg = Android|Any CPU
		{CA0E88CA-6401-45D0-88E4-77C01497FEB3}.Debug|Any CPU.ActiveCfg = PSM|Any CPU
		{CA0E88CA-6401-45D0-88E4-77C01497FEB3}.Debug|Any CPU.Build.0 = PSM|Any CPU
		{CA0E88CA-6401-45D0-88E4-77C01497FEB3}.Debug|Mixed Platforms.ActiveCfg = PSM|Any CPU
		{CA0E88CA-6401-45D0-88E4-77C01497FEB3}.Debug|Mixed Platforms.Build.0 = PSM|Any CPU
		{CA0E88CA-6401-45D0-88E4-77C01497FEB3}.Debug|x86.ActiveCfg = PSM|Any CPU
		{CA0E88CA-6401-45D0-88E4-77C01497FEB3}.iOS|Any CPU.ActiveCfg = iOS|Any CPU
		{CA0E88CA-6401-45D0-88E4-77C01497FEB3}.iOS|Any CPU.Build.0 = iOS|Any CPU
		{CA0E88CA-6401-45D0-88E4-77C01497FEB3}.iOS|Mixed Platforms.ActiveCfg = iOS|Any CPU
		{CA0E88CA-6401-45D0-88E4-77C01497FEB3}.iOS|Mixed Platforms.Build.0 = iOS|Any CPU
		{CA0E88CA-6401-45D0-88E4-77C01497FEB3}.iOS|x86.ActiveCfg = iOS|Any CPU
		{CA0E88CA-6401-45D0-88E4-77C01497FEB3}.Linux|Any CPU.ActiveCfg = Linux|Any CPU
		{CA0E88CA-6401-45D0-88E4-77C01497FEB3}.Linux|Any CPU.Build.0 = Linux|Any CPU
		{CA0E88CA-6401-45D0-88E4-77C01497FEB3}.Linux|Mixed Platforms.ActiveCfg = Linux|Any CPU
		{CA0E88CA-6401-45D0-88E4-77C01497FEB3}.Linux|Mixed Platforms.Build.0 = Linux|Any CPU
		{CA0E88CA-6401-45D0-88E4-77C01497FEB3}.Linux|x86.ActiveCfg = Linux|Any CPU
		{CA0E88CA-6401-45D0-88E4-77C01497FEB3}.OSX|Any CPU.ActiveCfg = OSX|Any CPU
		{CA0E88CA-6401-45D0-88E4-77C01497FEB3}.OSX|Any CPU.Build.0 = OSX|Any CPU
		{CA0E88CA-6401-45D0-88E4-77C01497FEB3}.OSX|Mixed Platforms.ActiveCfg = OSX|Any CPU
		{CA0E88CA-6401-45D0-88E4-77C01497FEB3}.OSX|Mixed Platforms.Build.0 = OSX|Any CPU
		{CA0E88CA-6401-45D0-88E4-77C01497FEB3}.OSX|x86.ActiveCfg = OSX|Any CPU
		{CA0E88CA-6401-45D0-88E4-77C01497FEB3}.PSM|Any CPU.ActiveCfg = PSM|Any CPU
		{CA0E88CA-6401-45D0-88E4-77C01497FEB3}.PSM|Any CPU.Build.0 = PSM|Any CPU
		{CA0E88CA-6401-45D0-88E4-77C01497FEB3}.PSM|Mixed Platforms.ActiveCfg = PSM|Any CPU
		{CA0E88CA-6401-45D0-88E4-77C01497FEB3}.PSM|Mixed Platforms.Build.0 = PSM|Any CPU
		{CA0E88CA-6401-45D0-88E4-77C01497FEB3}.PSM|x86.ActiveCfg = PSM|Any CPU
		{CA0E88CA-6401-45D0-88E4-77C01497FEB3}.Release|Any CPU.ActiveCfg = PSM|Any CPU
		{CA0E88CA-6401-45D0-88E4-77C01497FEB3}.Release|Any CPU.Build.0 = PSM|Any CPU
		{CA0E88CA-6401-45D0-88E4-77C01497FEB3}.Release|Mixed Platforms.ActiveCfg = PSM|Any CPU
		{CA0E88CA-6401-45D0-88E4-77C01497FEB3}.Release|Mixed Platforms.Build.0 = PSM|Any CPU
		{CA0E88CA-6401-45D0-88E4-77C01497FEB3}.Release|x86.ActiveCfg = PSM|Any CPU
		{CA0E88CA-6401-45D0-88E4-77C01497FEB3}.Windows|Any CPU.ActiveCfg = Windows|Any CPU
		{CA0E88CA-6401-45D0-88E4-77C01497FEB3}.Windows|Any CPU.Build.0 = Windows|Any CPU
		{CA0E88CA-6401-45D0-88E4-77C01497FEB3}.Windows|Mixed Platforms.ActiveCfg = Windows|Any CPU
		{CA0E88CA-6401-45D0-88E4-77C01497FEB3}.Windows|Mixed Platforms.Build.0 = Windows|Any CPU
		{CA0E88CA-6401-45D0-88E4-77C01497FEB3}.Windows|x86.ActiveCfg = Windows|Any CPU
		{CA0E88CA-6401-45D0-88E4-77C01497FEB3}.Windows8|Any CPU.ActiveCfg = Windows8|Any CPU
		{CA0E88CA-6401-45D0-88E4-77C01497FEB3}.Windows8|Any CPU.Build.0 = Windows8|Any CPU
		{CA0E88CA-6401-45D0-88E4-77C01497FEB3}.Windows8|Mixed Platforms.ActiveCfg = Windows8|Any CPU
		{CA0E88CA-6401-45D0-88E4-77C01497FEB3}.Windows8|Mixed Platforms.Build.0 = Windows8|Any CPU
		{CA0E88CA-6401-45D0-88E4-77C01497FEB3}.Windows8|x86.ActiveCfg = Windows8|Any CPU
		{CAAE4222-3BB5-4A92-9AB4-686ECD05F10F}.Android|Any CPU.ActiveCfg = Android|Any CPU
		{CAAE4222-3BB5-4A92-9AB4-686ECD05F10F}.Android|Mixed Platforms.ActiveCfg = Android|Any CPU
		{CAAE4222-3BB5-4A92-9AB4-686ECD05F10F}.Android|x86.ActiveCfg = Android|Any CPU
		{CAAE4222-3BB5-4A92-9AB4-686ECD05F10F}.Debug|Any CPU.ActiveCfg = PSM|Any CPU
		{CAAE4222-3BB5-4A92-9AB4-686ECD05F10F}.Debug|Mixed Platforms.ActiveCfg = PSM|Any CPU
		{CAAE4222-3BB5-4A92-9AB4-686ECD05F10F}.Debug|x86.ActiveCfg = PSM|Any CPU
		{CAAE4222-3BB5-4A92-9AB4-686ECD05F10F}.iOS|Any CPU.ActiveCfg = iOS|Any CPU
		{CAAE4222-3BB5-4A92-9AB4-686ECD05F10F}.iOS|Mixed Platforms.ActiveCfg = iOS|Any CPU
		{CAAE4222-3BB5-4A92-9AB4-686ECD05F10F}.iOS|x86.ActiveCfg = iOS|Any CPU
		{CAAE4222-3BB5-4A92-9AB4-686ECD05F10F}.Linux|Any CPU.ActiveCfg = Linux|Any CPU
		{CAAE4222-3BB5-4A92-9AB4-686ECD05F10F}.Linux|Mixed Platforms.ActiveCfg = Linux|Any CPU
		{CAAE4222-3BB5-4A92-9AB4-686ECD05F10F}.Linux|x86.ActiveCfg = Linux|Any CPU
		{CAAE4222-3BB5-4A92-9AB4-686ECD05F10F}.OSX|Any CPU.ActiveCfg = OSX|Any CPU
		{CAAE4222-3BB5-4A92-9AB4-686ECD05F10F}.OSX|Mixed Platforms.ActiveCfg = OSX|Any CPU
		{CAAE4222-3BB5-4A92-9AB4-686ECD05F10F}.OSX|x86.ActiveCfg = OSX|Any CPU
		{CAAE4222-3BB5-4A92-9AB4-686ECD05F10F}.PSM|Any CPU.ActiveCfg = PSM|Any CPU
		{CAAE4222-3BB5-4A92-9AB4-686ECD05F10F}.PSM|Mixed Platforms.ActiveCfg = PSM|Any CPU
		{CAAE4222-3BB5-4A92-9AB4-686ECD05F10F}.PSM|x86.ActiveCfg = PSM|Any CPU
		{CAAE4222-3BB5-4A92-9AB4-686ECD05F10F}.Release|Any CPU.ActiveCfg = PSM|Any CPU
		{CAAE4222-3BB5-4A92-9AB4-686ECD05F10F}.Release|Mixed Platforms.ActiveCfg = PSM|Any CPU
		{CAAE4222-3BB5-4A92-9AB4-686ECD05F10F}.Release|x86.ActiveCfg = PSM|Any CPU
		{CAAE4222-3BB5-4A92-9AB4-686ECD05F10F}.Windows|Any CPU.ActiveCfg = Windows|Any CPU
		{CAAE4222-3BB5-4A92-9AB4-686ECD05F10F}.Windows|Mixed Platforms.ActiveCfg = Windows|Any CPU
		{CAAE4222-3BB5-4A92-9AB4-686ECD05F10F}.Windows|x86.ActiveCfg = Windows|Any CPU
		{CAAE4222-3BB5-4A92-9AB4-686ECD05F10F}.Windows8|Any CPU.ActiveCfg = Windows8|Any CPU
		{CAAE4222-3BB5-4A92-9AB4-686ECD05F10F}.Windows8|Mixed Platforms.ActiveCfg = Windows8|Any CPU
		{CAAE4222-3BB5-4A92-9AB4-686ECD05F10F}.Windows8|x86.ActiveCfg = Windows8|Any CPU
	EndGlobalSection
	GlobalSection(SolutionProperties) = preSolution
		HideSolutionNode = FALSE
	EndGlobalSection
EndGlobal
